
Microsoft Visual Studio Solution File, Format Version 12.00
# Visual Studio Version 16
VisualStudioVersion = 16.0.31205.134
MinimumVisualStudioVersion = 10.0.40219.1
Project("{FAE04EC0-301F-11D3-BF4B-00C04F79EFBC}") = "PruebaTecnica", "PruebaTecnica\PruebaTecnica.csproj", "{0AAC9E5F-A697-48B4-92D1-D7E8C0AA40AE}"
EndProject
Global
	GlobalSection(SolutionConfigurationPlatforms) = preSolution
		Debug|Any CPU = Debug|Any CPU
		Release|Any CPU = Release|Any CPU
	EndGlobalSection
	GlobalSection(ProjectConfigurationPlatforms) = postSolution
		{0AAC9E5F-A697-48B4-92D1-D7E8C0AA40AE}.Debug|Any CPU.ActiveCfg = Debug|Any CPU
		{0AAC9E5F-A697-48B4-92D1-D7E8C0AA40AE}.Debug|Any CPU.Build.0 = Debug|Any CPU
		{0AAC9E5F-A697-48B4-92D1-D7E8C0AA40AE}.Release|Any CPU.ActiveCfg = Release|Any CPU
		{0AAC9E5F-A697-48B4-92D1-D7E8C0AA40AE}.Release|Any CPU.Build.0 = Release|Any CPU
	EndGlobalSection
	GlobalSection(SolutionProperties) = preSolution
		HideSolutionNode = FALSE
	EndGlobalSection
	GlobalSection(ExtensibilityGlobals) = postSolution
		SolutionGuid = {FF6521B2-B4DD-4DDC-AC80-7C5E7B9135A1}
	EndGlobalSection
EndGlobal
